
Microsoft Visual Studio Solution File, Format Version 12.00
# Visual Studio Version 17
VisualStudioVersion = 17.11.35312.102
MinimumVisualStudioVersion = 10.0.40219.1
Project("{FAE04EC0-301F-11D3-BF4B-00C04F79EFBC}") = "nqkvo29tiokt", "nqkvo29tiokt.csproj", "{CA189DD4-F18C-447B-9E38-09871C817E07}"
EndProject
Global
	GlobalSection(SolutionConfigurationPlatforms) = preSolution
		Debug|Any CPU = Debug|Any CPU
		Release|Any CPU = Release|Any CPU
	EndGlobalSection
	GlobalSection(ProjectConfigurationPlatforms) = postSolution
		{CA189DD4-F18C-447B-9E38-09871C817E07}.Debug|Any CPU.ActiveCfg = Debug|Any CPU
		{CA189DD4-F18C-447B-9E38-09871C817E07}.Debug|Any CPU.Build.0 = Debug|Any CPU
		{CA189DD4-F18C-447B-9E38-09871C817E07}.Release|Any CPU.ActiveCfg = Release|Any CPU
		{CA189DD4-F18C-447B-9E38-09871C817E07}.Release|Any CPU.Build.0 = Release|Any CPU
	EndGlobalSection
	GlobalSection(SolutionProperties) = preSolution
		HideSolutionNode = FALSE
	EndGlobalSection
	GlobalSection(ExtensibilityGlobals) = postSolution
		SolutionGuid = {653C1F23-CB81-4540-BB50-F572BDEDB203}
	EndGlobalSection
EndGlobal
